// !$*UTF8*$!
{
	archiveVersion = 1;
	classes = {
	};
	objectVersion = 56;
	objects = {

/* Begin PBXBuildFile section */
		7B1BB2842A51791E0005C5E4 /* TabBarViewModel.swift in Sources */ = {isa = PBXBuildFile; fileRef = 7B1BB2832A51791E0005C5E4 /* TabBarViewModel.swift */; };
		7B1BB2882A517D4D0005C5E4 /* BucketListsEntity.swift in Sources */ = {isa = PBXBuildFile; fileRef = 7B1BB2872A517D4D0005C5E4 /* BucketListsEntity.swift */; };
		7B1BB28A2A5181AE0005C5E4 /* MyViewController.storyboard in Resources */ = {isa = PBXBuildFile; fileRef = 7B1BB2892A5181AE0005C5E4 /* MyViewController.storyboard */; };
		7B1BB2912A51843B0005C5E4 /* MoreViewController.storyboard in Resources */ = {isa = PBXBuildFile; fileRef = 7B1BB2902A51843B0005C5E4 /* MoreViewController.storyboard */; };
		7B1BB2932A5184510005C5E4 /* SearchViewController.storyboard in Resources */ = {isa = PBXBuildFile; fileRef = 7B1BB2922A5184510005C5E4 /* SearchViewController.storyboard */; };
		7B1BB2952A5184680005C5E4 /* FeedViewController.storyboard in Resources */ = {isa = PBXBuildFile; fileRef = 7B1BB2942A5184680005C5E4 /* FeedViewController.storyboard */; };
		7B37412D2A3A18D50077062B /* BBHomeTabBarController.swift in Sources */ = {isa = PBXBuildFile; fileRef = 7B37412C2A3A18D50077062B /* BBHomeTabBarController.swift */; };
		7B3741302A3A1B460077062B /* BBHomeTabBarView.swift in Sources */ = {isa = PBXBuildFile; fileRef = 7B37412F2A3A1B460077062B /* BBHomeTabBarView.swift */; };
		7B3741352A3A1CB70077062B /* BerryBucketColors.swift in Sources */ = {isa = PBXBuildFile; fileRef = 7B3741342A3A1CB70077062B /* BerryBucketColors.swift */; };
		7B4776A32A3B4CB000ECED39 /* MyViewController.swift in Sources */ = {isa = PBXBuildFile; fileRef = 7B4776A22A3B4CB000ECED39 /* MyViewController.swift */; };
		7B4776A52A3B503200ECED39 /* FeedViewController.swift in Sources */ = {isa = PBXBuildFile; fileRef = 7B4776A42A3B503200ECED39 /* FeedViewController.swift */; };
		7B4776A72A3B503A00ECED39 /* SearchViewController.swift in Sources */ = {isa = PBXBuildFile; fileRef = 7B4776A62A3B503A00ECED39 /* SearchViewController.swift */; };
		7B4776A92A3B504100ECED39 /* MoreViewController.swift in Sources */ = {isa = PBXBuildFile; fileRef = 7B4776A82A3B504100ECED39 /* MoreViewController.swift */; };
		7B55F08F2AF7FBC90058121B /* MyCategoryCellView.swift in Sources */ = {isa = PBXBuildFile; fileRef = 7B55F08E2AF7FBC90058121B /* MyCategoryCellView.swift */; };
		7B55F0912AF800A30058121B /* MyCategoryCell.swift in Sources */ = {isa = PBXBuildFile; fileRef = 7B55F0902AF800A30058121B /* MyCategoryCell.swift */; };
		7B55F0932AF802380058121B /* CategoryToolsView.swift in Sources */ = {isa = PBXBuildFile; fileRef = 7B55F0922AF802380058121B /* CategoryToolsView.swift */; };
		7B5BF4732AF7D99000318718 /* MyBucketTabViewModel.swift in Sources */ = {isa = PBXBuildFile; fileRef = 7B5BF4722AF7D99000318718 /* MyBucketTabViewModel.swift */; };
		7B5BF4752AF7DD6500318718 /* CategoryEntity.swift in Sources */ = {isa = PBXBuildFile; fileRef = 7B5BF4742AF7DD6500318718 /* CategoryEntity.swift */; };
		7B81ACD52A39FF4B0092C78B /* AppDelegate.swift in Sources */ = {isa = PBXBuildFile; fileRef = 7B81ACD42A39FF4B0092C78B /* AppDelegate.swift */; };
		7B81ACD72A39FF4B0092C78B /* SceneDelegate.swift in Sources */ = {isa = PBXBuildFile; fileRef = 7B81ACD62A39FF4B0092C78B /* SceneDelegate.swift */; };
		7B81ACD92A39FF4B0092C78B /* BBRootViewController.swift in Sources */ = {isa = PBXBuildFile; fileRef = 7B81ACD82A39FF4B0092C78B /* BBRootViewController.swift */; };
		7B81ACDC2A39FF4B0092C78B /* Main.storyboard in Resources */ = {isa = PBXBuildFile; fileRef = 7B81ACDA2A39FF4B0092C78B /* Main.storyboard */; };
		7B81ACDE2A39FF4C0092C78B /* Assets.xcassets in Resources */ = {isa = PBXBuildFile; fileRef = 7B81ACDD2A39FF4C0092C78B /* Assets.xcassets */; };
		7B81ACE12A39FF4C0092C78B /* LaunchScreen.storyboard in Resources */ = {isa = PBXBuildFile; fileRef = 7B81ACDF2A39FF4C0092C78B /* LaunchScreen.storyboard */; };
		7B8D66D12A927C5D00C0E46C /* UIColor+Extensions.swift in Sources */ = {isa = PBXBuildFile; fileRef = 7B8D66D02A927C5D00C0E46C /* UIColor+Extensions.swift */; };
		7B8D66D82A9BA6DB00C0E46C /* MyBucketCell.swift in Sources */ = {isa = PBXBuildFile; fileRef = 7B8D66D72A9BA6DB00C0E46C /* MyBucketCell.swift */; };
		7B8D66DA2A9BA82900C0E46C /* MyBucketCellView.swift in Sources */ = {isa = PBXBuildFile; fileRef = 7B8D66D92A9BA82900C0E46C /* MyBucketCellView.swift */; };
		7BA746152AA4C5F800FF3962 /* CheckButtonView.swift in Sources */ = {isa = PBXBuildFile; fileRef = 7BA746142AA4C5F800FF3962 /* CheckButtonView.swift */; };
		7BC1E5742AF80F220012EA52 /* DDayToolsView.swift in Sources */ = {isa = PBXBuildFile; fileRef = 7BC1E5732AF80F220012EA52 /* DDayToolsView.swift */; };
		7BC1E5762AF814AA0012EA52 /* ChallengeToolsView.swift in Sources */ = {isa = PBXBuildFile; fileRef = 7BC1E5752AF814AA0012EA52 /* ChallengeToolsView.swift */; };
		7BCC5C952ADC4D4E00236046 /* UserProfileEntity.swift in Sources */ = {isa = PBXBuildFile; fileRef = 7BCC5C942ADC4D4E00236046 /* UserProfileEntity.swift */; };
		7BD3DDE92AA23A34004981AF /* MyBucketTabView.swift in Sources */ = {isa = PBXBuildFile; fileRef = 7BD3DDE82AA23A34004981AF /* MyBucketTabView.swift */; };
		7BD3DDEB2AA241DF004981AF /* TotalBucketToolsView.swift in Sources */ = {isa = PBXBuildFile; fileRef = 7BD3DDEA2AA241DF004981AF /* TotalBucketToolsView.swift */; };
		7BD3DDED2AA24561004981AF /* MyProfileView.swift in Sources */ = {isa = PBXBuildFile; fileRef = 7BD3DDEC2AA24561004981AF /* MyProfileView.swift */; };
		7BD8FEDD2AE15B1900A62A1C /* View+Extensions.swift in Sources */ = {isa = PBXBuildFile; fileRef = 7BD8FEDC2AE15B1900A62A1C /* View+Extensions.swift */; };
/* End PBXBuildFile section */

/* Begin PBXFileReference section */
		7B1BB2832A51791E0005C5E4 /* TabBarViewModel.swift */ = {isa = PBXFileReference; lastKnownFileType = sourcecode.swift; path = TabBarViewModel.swift; sourceTree = "<group>"; };
		7B1BB2872A517D4D0005C5E4 /* BucketListsEntity.swift */ = {isa = PBXFileReference; lastKnownFileType = sourcecode.swift; path = BucketListsEntity.swift; sourceTree = "<group>"; };
		7B1BB2892A5181AE0005C5E4 /* MyViewController.storyboard */ = {isa = PBXFileReference; lastKnownFileType = file.storyboard; path = MyViewController.storyboard; sourceTree = "<group>"; };
		7B1BB2902A51843B0005C5E4 /* MoreViewController.storyboard */ = {isa = PBXFileReference; lastKnownFileType = file.storyboard; path = MoreViewController.storyboard; sourceTree = "<group>"; };
		7B1BB2922A5184510005C5E4 /* SearchViewController.storyboard */ = {isa = PBXFileReference; lastKnownFileType = file.storyboard; path = SearchViewController.storyboard; sourceTree = "<group>"; };
		7B1BB2942A5184680005C5E4 /* FeedViewController.storyboard */ = {isa = PBXFileReference; lastKnownFileType = file.storyboard; path = FeedViewController.storyboard; sourceTree = "<group>"; };
		7B37412C2A3A18D50077062B /* BBHomeTabBarController.swift */ = {isa = PBXFileReference; lastKnownFileType = sourcecode.swift; path = BBHomeTabBarController.swift; sourceTree = "<group>"; };
		7B37412F2A3A1B460077062B /* BBHomeTabBarView.swift */ = {isa = PBXFileReference; lastKnownFileType = sourcecode.swift; path = BBHomeTabBarView.swift; sourceTree = "<group>"; };
		7B3741342A3A1CB70077062B /* BerryBucketColors.swift */ = {isa = PBXFileReference; lastKnownFileType = sourcecode.swift; path = BerryBucketColors.swift; sourceTree = "<group>"; };
		7B4776A22A3B4CB000ECED39 /* MyViewController.swift */ = {isa = PBXFileReference; lastKnownFileType = sourcecode.swift; path = MyViewController.swift; sourceTree = "<group>"; };
		7B4776A42A3B503200ECED39 /* FeedViewController.swift */ = {isa = PBXFileReference; lastKnownFileType = sourcecode.swift; path = FeedViewController.swift; sourceTree = "<group>"; };
		7B4776A62A3B503A00ECED39 /* SearchViewController.swift */ = {isa = PBXFileReference; lastKnownFileType = sourcecode.swift; path = SearchViewController.swift; sourceTree = "<group>"; };
		7B4776A82A3B504100ECED39 /* MoreViewController.swift */ = {isa = PBXFileReference; lastKnownFileType = sourcecode.swift; path = MoreViewController.swift; sourceTree = "<group>"; };
		7B55F08E2AF7FBC90058121B /* MyCategoryCellView.swift */ = {isa = PBXFileReference; lastKnownFileType = sourcecode.swift; path = MyCategoryCellView.swift; sourceTree = "<group>"; };
		7B55F0902AF800A30058121B /* MyCategoryCell.swift */ = {isa = PBXFileReference; lastKnownFileType = sourcecode.swift; path = MyCategoryCell.swift; sourceTree = "<group>"; };
		7B55F0922AF802380058121B /* CategoryToolsView.swift */ = {isa = PBXFileReference; lastKnownFileType = sourcecode.swift; path = CategoryToolsView.swift; sourceTree = "<group>"; };
		7B5BF4722AF7D99000318718 /* MyBucketTabViewModel.swift */ = {isa = PBXFileReference; lastKnownFileType = sourcecode.swift; path = MyBucketTabViewModel.swift; sourceTree = "<group>"; };
		7B5BF4742AF7DD6500318718 /* CategoryEntity.swift */ = {isa = PBXFileReference; lastKnownFileType = sourcecode.swift; path = CategoryEntity.swift; sourceTree = "<group>"; };
		7B81ACD12A39FF4A0092C78B /* BerryBucket.app */ = {isa = PBXFileReference; explicitFileType = wrapper.application; includeInIndex = 0; path = BerryBucket.app; sourceTree = BUILT_PRODUCTS_DIR; };
		7B81ACD42A39FF4B0092C78B /* AppDelegate.swift */ = {isa = PBXFileReference; lastKnownFileType = sourcecode.swift; path = AppDelegate.swift; sourceTree = "<group>"; };
		7B81ACD62A39FF4B0092C78B /* SceneDelegate.swift */ = {isa = PBXFileReference; lastKnownFileType = sourcecode.swift; path = SceneDelegate.swift; sourceTree = "<group>"; };
		7B81ACD82A39FF4B0092C78B /* BBRootViewController.swift */ = {isa = PBXFileReference; lastKnownFileType = sourcecode.swift; path = BBRootViewController.swift; sourceTree = "<group>"; };
		7B81ACDB2A39FF4B0092C78B /* Base */ = {isa = PBXFileReference; lastKnownFileType = file.storyboard; name = Base; path = Base.lproj/Main.storyboard; sourceTree = "<group>"; };
		7B81ACDD2A39FF4C0092C78B /* Assets.xcassets */ = {isa = PBXFileReference; lastKnownFileType = folder.assetcatalog; path = Assets.xcassets; sourceTree = "<group>"; };
		7B81ACE02A39FF4C0092C78B /* Base */ = {isa = PBXFileReference; lastKnownFileType = file.storyboard; name = Base; path = Base.lproj/LaunchScreen.storyboard; sourceTree = "<group>"; };
		7B81ACE22A39FF4C0092C78B /* Info.plist */ = {isa = PBXFileReference; lastKnownFileType = text.plist.xml; path = Info.plist; sourceTree = "<group>"; };
		7B8D66D02A927C5D00C0E46C /* UIColor+Extensions.swift */ = {isa = PBXFileReference; lastKnownFileType = sourcecode.swift; path = "UIColor+Extensions.swift"; sourceTree = "<group>"; };
		7B8D66D72A9BA6DB00C0E46C /* MyBucketCell.swift */ = {isa = PBXFileReference; lastKnownFileType = sourcecode.swift; path = MyBucketCell.swift; sourceTree = "<group>"; };
		7B8D66D92A9BA82900C0E46C /* MyBucketCellView.swift */ = {isa = PBXFileReference; lastKnownFileType = sourcecode.swift; path = MyBucketCellView.swift; sourceTree = "<group>"; };
		7BA746142AA4C5F800FF3962 /* CheckButtonView.swift */ = {isa = PBXFileReference; lastKnownFileType = sourcecode.swift; path = CheckButtonView.swift; sourceTree = "<group>"; };
		7BC1E5732AF80F220012EA52 /* DDayToolsView.swift */ = {isa = PBXFileReference; lastKnownFileType = sourcecode.swift; path = DDayToolsView.swift; sourceTree = "<group>"; };
		7BC1E5752AF814AA0012EA52 /* ChallengeToolsView.swift */ = {isa = PBXFileReference; lastKnownFileType = sourcecode.swift; path = ChallengeToolsView.swift; sourceTree = "<group>"; };
		7BCC5C942ADC4D4E00236046 /* UserProfileEntity.swift */ = {isa = PBXFileReference; lastKnownFileType = sourcecode.swift; path = UserProfileEntity.swift; sourceTree = "<group>"; };
		7BD3DDE82AA23A34004981AF /* MyBucketTabView.swift */ = {isa = PBXFileReference; lastKnownFileType = sourcecode.swift; path = MyBucketTabView.swift; sourceTree = "<group>"; };
		7BD3DDEA2AA241DF004981AF /* TotalBucketToolsView.swift */ = {isa = PBXFileReference; lastKnownFileType = sourcecode.swift; path = TotalBucketToolsView.swift; sourceTree = "<group>"; };
		7BD3DDEC2AA24561004981AF /* MyProfileView.swift */ = {isa = PBXFileReference; lastKnownFileType = sourcecode.swift; path = MyProfileView.swift; sourceTree = "<group>"; };
		7BD8FEDC2AE15B1900A62A1C /* View+Extensions.swift */ = {isa = PBXFileReference; lastKnownFileType = sourcecode.swift; path = "View+Extensions.swift"; sourceTree = "<group>"; };
/* End PBXFileReference section */

/* Begin PBXFrameworksBuildPhase section */
		7B81ACCE2A39FF4A0092C78B /* Frameworks */ = {
			isa = PBXFrameworksBuildPhase;
			buildActionMask = 2147483647;
			files = (
			);
			runOnlyForDeploymentPostprocessing = 0;
		};
/* End PBXFrameworksBuildPhase section */

/* Begin PBXGroup section */
		7B1BB2712A5174750005C5E4 /* Domain */ = {
			isa = PBXGroup;
			children = (
				7B1BB2822A51787D0005C5E4 /* Interfaces */,
				7B1BB2812A51786D0005C5E4 /* UseCases */,
				7B1BB27F2A5176170005C5E4 /* Entities */,
				7B3741332A3A1CA70077062B /* Constants */,
			);
			path = Domain;
			sourceTree = "<group>";
		};
		7B1BB2722A5174F90005C5E4 /* Presentation */ = {
			isa = PBXGroup;
			children = (
				7B1BB2732A5175100005C5E4 /* RootTabBarScene */,
				7B1BB2762A5175590005C5E4 /* MyScene */,
				7B1BB27A2A5175AD0005C5E4 /* MoreScene */,
				7B1BB2792A5175A30005C5E4 /* SearchScene */,
				7B1BB2782A51759D0005C5E4 /* FeedScene */,
			);
			path = Presentation;
			sourceTree = "<group>";
		};
		7B1BB2732A5175100005C5E4 /* RootTabBarScene */ = {
			isa = PBXGroup;
			children = (
				7B1BB2752A5175450005C5E4 /* UI */,
				7B1BB2742A5175300005C5E4 /* Presenter */,
			);
			path = RootTabBarScene;
			sourceTree = "<group>";
		};
		7B1BB2742A5175300005C5E4 /* Presenter */ = {
			isa = PBXGroup;
			children = (
				7B1BB2832A51791E0005C5E4 /* TabBarViewModel.swift */,
			);
			path = Presenter;
			sourceTree = "<group>";
		};
		7B1BB2752A5175450005C5E4 /* UI */ = {
			isa = PBXGroup;
			children = (
				7B1BB28B2A5182570005C5E4 /* UIKit */,
				7B1BB28C2A5182630005C5E4 /* SwiftUI */,
			);
			path = UI;
			sourceTree = "<group>";
		};
		7B1BB2762A5175590005C5E4 /* MyScene */ = {
			isa = PBXGroup;
			children = (
				7B1BB27E2A5176030005C5E4 /* Presenter */,
				7B1BB2772A5175900005C5E4 /* UI */,
			);
			path = MyScene;
			sourceTree = "<group>";
		};
		7B1BB2772A5175900005C5E4 /* UI */ = {
			isa = PBXGroup;
			children = (
				7B8D66D22A92803F00C0E46C /* SwiftUI */,
				7B8D66C92A927BCC00C0E46C /* UIKit */,
			);
			path = UI;
			sourceTree = "<group>";
		};
		7B1BB2782A51759D0005C5E4 /* FeedScene */ = {
			isa = PBXGroup;
			children = (
				7B1BB27D2A5175C30005C5E4 /* UI */,
			);
			path = FeedScene;
			sourceTree = "<group>";
		};
		7B1BB2792A5175A30005C5E4 /* SearchScene */ = {
			isa = PBXGroup;
			children = (
				7B1BB27C2A5175C00005C5E4 /* UI */,
			);
			path = SearchScene;
			sourceTree = "<group>";
		};
		7B1BB27A2A5175AD0005C5E4 /* MoreScene */ = {
			isa = PBXGroup;
			children = (
				7B1BB27B2A5175B50005C5E4 /* UI */,
			);
			path = MoreScene;
			sourceTree = "<group>";
		};
		7B1BB27B2A5175B50005C5E4 /* UI */ = {
			isa = PBXGroup;
			children = (
				7B1BB28D2A51841A0005C5E4 /* UIKit */,
			);
			path = UI;
			sourceTree = "<group>";
		};
		7B1BB27C2A5175C00005C5E4 /* UI */ = {
			isa = PBXGroup;
			children = (
				7B1BB28E2A5184250005C5E4 /* UIKit */,
			);
			path = UI;
			sourceTree = "<group>";
		};
		7B1BB27D2A5175C30005C5E4 /* UI */ = {
			isa = PBXGroup;
			children = (
				7B1BB28F2A5184290005C5E4 /* UIKit */,
			);
			path = UI;
			sourceTree = "<group>";
		};
		7B1BB27E2A5176030005C5E4 /* Presenter */ = {
			isa = PBXGroup;
			children = (
				7B5BF4722AF7D99000318718 /* MyBucketTabViewModel.swift */,
			);
			path = Presenter;
			sourceTree = "<group>";
		};
		7B1BB27F2A5176170005C5E4 /* Entities */ = {
			isa = PBXGroup;
			children = (
				7B1BB2872A517D4D0005C5E4 /* BucketListsEntity.swift */,
				7BCC5C942ADC4D4E00236046 /* UserProfileEntity.swift */,
				7B5BF4742AF7DD6500318718 /* CategoryEntity.swift */,
			);
			path = Entities;
			sourceTree = "<group>";
		};
		7B1BB2802A5178080005C5E4 /* Data */ = {
			isa = PBXGroup;
			children = (
				7B8D66CA2A927BF700C0E46C /* Repositories */,
				7B1BB2852A517CF30005C5E4 /* Network */,
			);
			path = Data;
			sourceTree = "<group>";
		};
		7B1BB2812A51786D0005C5E4 /* UseCases */ = {
			isa = PBXGroup;
			children = (
			);
			path = UseCases;
			sourceTree = "<group>";
		};
		7B1BB2822A51787D0005C5E4 /* Interfaces */ = {
			isa = PBXGroup;
			children = (
			);
			path = Interfaces;
			sourceTree = "<group>";
		};
		7B1BB2852A517CF30005C5E4 /* Network */ = {
			isa = PBXGroup;
			children = (
				7B1BB2862A517D100005C5E4 /* Mappers */,
			);
			path = Network;
			sourceTree = "<group>";
		};
		7B1BB2862A517D100005C5E4 /* Mappers */ = {
			isa = PBXGroup;
			children = (
			);
			path = Mappers;
			sourceTree = "<group>";
		};
		7B1BB28B2A5182570005C5E4 /* UIKit */ = {
			isa = PBXGroup;
			children = (
				7B81ACD82A39FF4B0092C78B /* BBRootViewController.swift */,
				7B37412C2A3A18D50077062B /* BBHomeTabBarController.swift */,
				7B81ACDA2A39FF4B0092C78B /* Main.storyboard */,
			);
			path = UIKit;
			sourceTree = "<group>";
		};
		7B1BB28C2A5182630005C5E4 /* SwiftUI */ = {
			isa = PBXGroup;
			children = (
				7B37412F2A3A1B460077062B /* BBHomeTabBarView.swift */,
			);
			path = SwiftUI;
			sourceTree = "<group>";
		};
		7B1BB28D2A51841A0005C5E4 /* UIKit */ = {
			isa = PBXGroup;
			children = (
				7B4776A82A3B504100ECED39 /* MoreViewController.swift */,
				7B1BB2902A51843B0005C5E4 /* MoreViewController.storyboard */,
			);
			path = UIKit;
			sourceTree = "<group>";
		};
		7B1BB28E2A5184250005C5E4 /* UIKit */ = {
			isa = PBXGroup;
			children = (
				7B4776A62A3B503A00ECED39 /* SearchViewController.swift */,
				7B1BB2922A5184510005C5E4 /* SearchViewController.storyboard */,
			);
			path = UIKit;
			sourceTree = "<group>";
		};
		7B1BB28F2A5184290005C5E4 /* UIKit */ = {
			isa = PBXGroup;
			children = (
				7B4776A42A3B503200ECED39 /* FeedViewController.swift */,
				7B1BB2942A5184680005C5E4 /* FeedViewController.storyboard */,
			);
			path = UIKit;
			sourceTree = "<group>";
		};
		7B3741332A3A1CA70077062B /* Constants */ = {
			isa = PBXGroup;
			children = (
			);
			path = Constants;
			sourceTree = "<group>";
		};
		7B81ACC82A39FF4A0092C78B = {
			isa = PBXGroup;
			children = (
				7B81ACD32A39FF4B0092C78B /* BerryBucket */,
				7B81ACD22A39FF4A0092C78B /* Products */,
			);
			sourceTree = "<group>";
		};
		7B81ACD22A39FF4A0092C78B /* Products */ = {
			isa = PBXGroup;
			children = (
				7B81ACD12A39FF4A0092C78B /* BerryBucket.app */,
			);
			name = Products;
			sourceTree = "<group>";
		};
		7B81ACD32A39FF4B0092C78B /* BerryBucket */ = {
			isa = PBXGroup;
			children = (
				7B8D66CF2A927C4100C0E46C /* Resources */,
				7B8D66CB2A927C0600C0E46C /* Common */,
				7B1BB2722A5174F90005C5E4 /* Presentation */,
				7B1BB2712A5174750005C5E4 /* Domain */,
				7B1BB2802A5178080005C5E4 /* Data */,
				7B81ACD42A39FF4B0092C78B /* AppDelegate.swift */,
				7B81ACD62A39FF4B0092C78B /* SceneDelegate.swift */,
				7B81ACDD2A39FF4C0092C78B /* Assets.xcassets */,
				7B81ACDF2A39FF4C0092C78B /* LaunchScreen.storyboard */,
				7B81ACE22A39FF4C0092C78B /* Info.plist */,
			);
			path = BerryBucket;
			sourceTree = "<group>";
		};
		7B8D66C92A927BCC00C0E46C /* UIKit */ = {
			isa = PBXGroup;
			children = (
				7B4776A22A3B4CB000ECED39 /* MyViewController.swift */,
				7B1BB2892A5181AE0005C5E4 /* MyViewController.storyboard */,
				7B8D66D72A9BA6DB00C0E46C /* MyBucketCell.swift */,
				7B55F0902AF800A30058121B /* MyCategoryCell.swift */,
			);
			path = UIKit;
			sourceTree = "<group>";
		};
		7B8D66CA2A927BF700C0E46C /* Repositories */ = {
			isa = PBXGroup;
			children = (
			);
			name = Repositories;
			sourceTree = "<group>";
		};
		7B8D66CB2A927C0600C0E46C /* Common */ = {
			isa = PBXGroup;
			children = (
				7B8D66CE2A927C2D00C0E46C /* DesignSystem */,
				7B8D66CD2A927C1A00C0E46C /* Utilities */,
				7B8D66CC2A927C0E00C0E46C /* Extensions */,
			);
			path = Common;
			sourceTree = "<group>";
		};
		7B8D66CC2A927C0E00C0E46C /* Extensions */ = {
			isa = PBXGroup;
			children = (
				7B8D66D02A927C5D00C0E46C /* UIColor+Extensions.swift */,
				7BD8FEDC2AE15B1900A62A1C /* View+Extensions.swift */,
			);
			path = Extensions;
			sourceTree = "<group>";
		};
		7B8D66CD2A927C1A00C0E46C /* Utilities */ = {
			isa = PBXGroup;
			children = (
			);
			path = Utilities;
			sourceTree = "<group>";
		};
		7B8D66CE2A927C2D00C0E46C /* DesignSystem */ = {
			isa = PBXGroup;
			children = (
				7B3741342A3A1CB70077062B /* BerryBucketColors.swift */,
			);
			path = DesignSystem;
			sourceTree = "<group>";
		};
		7B8D66CF2A927C4100C0E46C /* Resources */ = {
			isa = PBXGroup;
			children = (
			);
			path = Resources;
			sourceTree = "<group>";
		};
		7B8D66D22A92803F00C0E46C /* SwiftUI */ = {
			isa = PBXGroup;
			children = (
				7B8D66D92A9BA82900C0E46C /* MyBucketCellView.swift */,
				7BD3DDE82AA23A34004981AF /* MyBucketTabView.swift */,
				7BD3DDEA2AA241DF004981AF /* TotalBucketToolsView.swift */,
				7BD3DDEC2AA24561004981AF /* MyProfileView.swift */,
				7BA746142AA4C5F800FF3962 /* CheckButtonView.swift */,
				7B55F08E2AF7FBC90058121B /* MyCategoryCellView.swift */,
				7B55F0922AF802380058121B /* CategoryToolsView.swift */,
				7BC1E5732AF80F220012EA52 /* DDayToolsView.swift */,
				7BC1E5752AF814AA0012EA52 /* ChallengeToolsView.swift */,
			);
			path = SwiftUI;
			sourceTree = "<group>";
		};
/* End PBXGroup section */

/* Begin PBXNativeTarget section */
		7B81ACD02A39FF4A0092C78B /* BerryBucket */ = {
			isa = PBXNativeTarget;
			buildConfigurationList = 7B81ACE52A39FF4C0092C78B /* Build configuration list for PBXNativeTarget "BerryBucket" */;
			buildPhases = (
				7B81ACCD2A39FF4A0092C78B /* Sources */,
				7B81ACCE2A39FF4A0092C78B /* Frameworks */,
				7B81ACCF2A39FF4A0092C78B /* Resources */,
			);
			buildRules = (
			);
			dependencies = (
			);
			name = BerryBucket;
			productName = BerryBucket;
			productReference = 7B81ACD12A39FF4A0092C78B /* BerryBucket.app */;
			productType = "com.apple.product-type.application";
		};
/* End PBXNativeTarget section */

/* Begin PBXProject section */
		7B81ACC92A39FF4A0092C78B /* Project object */ = {
			isa = PBXProject;
			attributes = {
				BuildIndependentTargetsInParallel = 1;
				LastSwiftUpdateCheck = 1500;
				LastUpgradeCheck = 1500;
				TargetAttributes = {
					7B81ACD02A39FF4A0092C78B = {
						CreatedOnToolsVersion = 15.0;
					};
				};
			};
			buildConfigurationList = 7B81ACCC2A39FF4A0092C78B /* Build configuration list for PBXProject "BerryBucket" */;
			compatibilityVersion = "Xcode 14.0";
			developmentRegion = en;
			hasScannedForEncodings = 0;
			knownRegions = (
				en,
				Base,
			);
			mainGroup = 7B81ACC82A39FF4A0092C78B;
			productRefGroup = 7B81ACD22A39FF4A0092C78B /* Products */;
			projectDirPath = "";
			projectRoot = "";
			targets = (
				7B81ACD02A39FF4A0092C78B /* BerryBucket */,
			);
		};
/* End PBXProject section */

/* Begin PBXResourcesBuildPhase section */
		7B81ACCF2A39FF4A0092C78B /* Resources */ = {
			isa = PBXResourcesBuildPhase;
			buildActionMask = 2147483647;
			files = (
				7B81ACE12A39FF4C0092C78B /* LaunchScreen.storyboard in Resources */,
				7B1BB2952A5184680005C5E4 /* FeedViewController.storyboard in Resources */,
				7B1BB2912A51843B0005C5E4 /* MoreViewController.storyboard in Resources */,
				7B81ACDE2A39FF4C0092C78B /* Assets.xcassets in Resources */,
				7B81ACDC2A39FF4B0092C78B /* Main.storyboard in Resources */,
				7B1BB28A2A5181AE0005C5E4 /* MyViewController.storyboard in Resources */,
				7B1BB2932A5184510005C5E4 /* SearchViewController.storyboard in Resources */,
			);
			runOnlyForDeploymentPostprocessing = 0;
		};
/* End PBXResourcesBuildPhase section */

/* Begin PBXSourcesBuildPhase section */
		7B81ACCD2A39FF4A0092C78B /* Sources */ = {
			isa = PBXSourcesBuildPhase;
			buildActionMask = 2147483647;
			files = (
				7BC1E5742AF80F220012EA52 /* DDayToolsView.swift in Sources */,
				7B8D66DA2A9BA82900C0E46C /* MyBucketCellView.swift in Sources */,
				7B37412D2A3A18D50077062B /* BBHomeTabBarController.swift in Sources */,
				7B5BF4752AF7DD6500318718 /* CategoryEntity.swift in Sources */,
				7B3741302A3A1B460077062B /* BBHomeTabBarView.swift in Sources */,
				7BD3DDE92AA23A34004981AF /* MyBucketTabView.swift in Sources */,
				7B8D66D82A9BA6DB00C0E46C /* MyBucketCell.swift in Sources */,
				7B55F0912AF800A30058121B /* MyCategoryCell.swift in Sources */,
				7B3741352A3A1CB70077062B /* BerryBucketColors.swift in Sources */,
				7BD3DDEB2AA241DF004981AF /* TotalBucketToolsView.swift in Sources */,
				7BA746152AA4C5F800FF3962 /* CheckButtonView.swift in Sources */,
				7B8D66D12A927C5D00C0E46C /* UIColor+Extensions.swift in Sources */,
				7B4776A72A3B503A00ECED39 /* SearchViewController.swift in Sources */,
				7BD8FEDD2AE15B1900A62A1C /* View+Extensions.swift in Sources */,
				7B1BB2882A517D4D0005C5E4 /* BucketListsEntity.swift in Sources */,
				7B55F0932AF802380058121B /* CategoryToolsView.swift in Sources */,
				7BD3DDED2AA24561004981AF /* MyProfileView.swift in Sources */,
				7BCC5C952ADC4D4E00236046 /* UserProfileEntity.swift in Sources */,
				7B4776A32A3B4CB000ECED39 /* MyViewController.swift in Sources */,
				7B4776A92A3B504100ECED39 /* MoreViewController.swift in Sources */,
				7B5BF4732AF7D99000318718 /* MyBucketTabViewModel.swift in Sources */,
				7B55F08F2AF7FBC90058121B /* MyCategoryCellView.swift in Sources */,
				7B81ACD92A39FF4B0092C78B /* BBRootViewController.swift in Sources */,
				7B81ACD52A39FF4B0092C78B /* AppDelegate.swift in Sources */,
				7B4776A52A3B503200ECED39 /* FeedViewController.swift in Sources */,
				7B1BB2842A51791E0005C5E4 /* TabBarViewModel.swift in Sources */,
				7BC1E5762AF814AA0012EA52 /* ChallengeToolsView.swift in Sources */,
				7B81ACD72A39FF4B0092C78B /* SceneDelegate.swift in Sources */,
			);
			runOnlyForDeploymentPostprocessing = 0;
		};
/* End PBXSourcesBuildPhase section */

/* Begin PBXVariantGroup section */
		7B81ACDA2A39FF4B0092C78B /* Main.storyboard */ = {
			isa = PBXVariantGroup;
			children = (
				7B81ACDB2A39FF4B0092C78B /* Base */,
			);
			name = Main.storyboard;
			sourceTree = "<group>";
		};
		7B81ACDF2A39FF4C0092C78B /* LaunchScreen.storyboard */ = {
			isa = PBXVariantGroup;
			children = (
				7B81ACE02A39FF4C0092C78B /* Base */,
			);
			name = LaunchScreen.storyboard;
			sourceTree = "<group>";
		};
/* End PBXVariantGroup section */

/* Begin XCBuildConfiguration section */
		7B81ACE32A39FF4C0092C78B /* Debug */ = {
			isa = XCBuildConfiguration;
			buildSettings = {
				ALWAYS_SEARCH_USER_PATHS = NO;
				ASSETCATALOG_COMPILER_GENERATE_SWIFT_ASSET_SYMBOL_EXTENSIONS = YES;
				CLANG_ANALYZER_NONNULL = YES;
				CLANG_ANALYZER_NUMBER_OBJECT_CONVERSION = YES_AGGRESSIVE;
				CLANG_CXX_LANGUAGE_STANDARD = "gnu++20";
				CLANG_ENABLE_MODULES = YES;
				CLANG_ENABLE_OBJC_ARC = YES;
				CLANG_ENABLE_OBJC_WEAK = YES;
				CLANG_WARN_BLOCK_CAPTURE_AUTORELEASING = YES;
				CLANG_WARN_BOOL_CONVERSION = YES;
				CLANG_WARN_COMMA = YES;
				CLANG_WARN_CONSTANT_CONVERSION = YES;
				CLANG_WARN_DEPRECATED_OBJC_IMPLEMENTATIONS = YES;
				CLANG_WARN_DIRECT_OBJC_ISA_USAGE = YES_ERROR;
				CLANG_WARN_DOCUMENTATION_COMMENTS = YES;
				CLANG_WARN_EMPTY_BODY = YES;
				CLANG_WARN_ENUM_CONVERSION = YES;
				CLANG_WARN_INFINITE_RECURSION = YES;
				CLANG_WARN_INT_CONVERSION = YES;
				CLANG_WARN_NON_LITERAL_NULL_CONVERSION = YES;
				CLANG_WARN_OBJC_IMPLICIT_RETAIN_SELF = YES;
				CLANG_WARN_OBJC_LITERAL_CONVERSION = YES;
				CLANG_WARN_OBJC_ROOT_CLASS = YES_ERROR;
				CLANG_WARN_QUOTED_INCLUDE_IN_FRAMEWORK_HEADER = YES;
				CLANG_WARN_RANGE_LOOP_ANALYSIS = YES;
				CLANG_WARN_STRICT_PROTOTYPES = YES;
				CLANG_WARN_SUSPICIOUS_MOVE = YES;
				CLANG_WARN_UNGUARDED_AVAILABILITY = YES_AGGRESSIVE;
				CLANG_WARN_UNREACHABLE_CODE = YES;
				CLANG_WARN__DUPLICATE_METHOD_MATCH = YES;
				COPY_PHASE_STRIP = NO;
				DEBUG_INFORMATION_FORMAT = dwarf;
				ENABLE_STRICT_OBJC_MSGSEND = YES;
				ENABLE_TESTABILITY = YES;
				ENABLE_USER_SCRIPT_SANDBOXING = YES;
				GCC_C_LANGUAGE_STANDARD = gnu17;
				GCC_DYNAMIC_NO_PIC = NO;
				GCC_NO_COMMON_BLOCKS = YES;
				GCC_OPTIMIZATION_LEVEL = 0;
				GCC_PREPROCESSOR_DEFINITIONS = (
					"DEBUG=1",
					"$(inherited)",
				);
				GCC_WARN_64_TO_32_BIT_CONVERSION = YES;
				GCC_WARN_ABOUT_RETURN_TYPE = YES_ERROR;
				GCC_WARN_UNDECLARED_SELECTOR = YES;
				GCC_WARN_UNINITIALIZED_AUTOS = YES_AGGRESSIVE;
				GCC_WARN_UNUSED_FUNCTION = YES;
				GCC_WARN_UNUSED_VARIABLE = YES;
				IPHONEOS_DEPLOYMENT_TARGET = 17.0;
				LOCALIZATION_PREFERS_STRING_CATALOGS = YES;
				MTL_ENABLE_DEBUG_INFO = INCLUDE_SOURCE;
				MTL_FAST_MATH = YES;
				ONLY_ACTIVE_ARCH = YES;
				SDKROOT = iphoneos;
				SWIFT_ACTIVE_COMPILATION_CONDITIONS = "DEBUG $(inherited)";
				SWIFT_OPTIMIZATION_LEVEL = "-Onone";
			};
			name = Debug;
		};
		7B81ACE42A39FF4C0092C78B /* Release */ = {
			isa = XCBuildConfiguration;
			buildSettings = {
				ALWAYS_SEARCH_USER_PATHS = NO;
				ASSETCATALOG_COMPILER_GENERATE_SWIFT_ASSET_SYMBOL_EXTENSIONS = YES;
				CLANG_ANALYZER_NONNULL = YES;
				CLANG_ANALYZER_NUMBER_OBJECT_CONVERSION = YES_AGGRESSIVE;
				CLANG_CXX_LANGUAGE_STANDARD = "gnu++20";
				CLANG_ENABLE_MODULES = YES;
				CLANG_ENABLE_OBJC_ARC = YES;
				CLANG_ENABLE_OBJC_WEAK = YES;
				CLANG_WARN_BLOCK_CAPTURE_AUTORELEASING = YES;
				CLANG_WARN_BOOL_CONVERSION = YES;
				CLANG_WARN_COMMA = YES;
				CLANG_WARN_CONSTANT_CONVERSION = YES;
				CLANG_WARN_DEPRECATED_OBJC_IMPLEMENTATIONS = YES;
				CLANG_WARN_DIRECT_OBJC_ISA_USAGE = YES_ERROR;
				CLANG_WARN_DOCUMENTATION_COMMENTS = YES;
				CLANG_WARN_EMPTY_BODY = YES;
				CLANG_WARN_ENUM_CONVERSION = YES;
				CLANG_WARN_INFINITE_RECURSION = YES;
				CLANG_WARN_INT_CONVERSION = YES;
				CLANG_WARN_NON_LITERAL_NULL_CONVERSION = YES;
				CLANG_WARN_OBJC_IMPLICIT_RETAIN_SELF = YES;
				CLANG_WARN_OBJC_LITERAL_CONVERSION = YES;
				CLANG_WARN_OBJC_ROOT_CLASS = YES_ERROR;
				CLANG_WARN_QUOTED_INCLUDE_IN_FRAMEWORK_HEADER = YES;
				CLANG_WARN_RANGE_LOOP_ANALYSIS = YES;
				CLANG_WARN_STRICT_PROTOTYPES = YES;
				CLANG_WARN_SUSPICIOUS_MOVE = YES;
				CLANG_WARN_UNGUARDED_AVAILABILITY = YES_AGGRESSIVE;
				CLANG_WARN_UNREACHABLE_CODE = YES;
				CLANG_WARN__DUPLICATE_METHOD_MATCH = YES;
				COPY_PHASE_STRIP = NO;
				DEBUG_INFORMATION_FORMAT = "dwarf-with-dsym";
				ENABLE_NS_ASSERTIONS = NO;
				ENABLE_STRICT_OBJC_MSGSEND = YES;
				ENABLE_USER_SCRIPT_SANDBOXING = YES;
				GCC_C_LANGUAGE_STANDARD = gnu17;
				GCC_NO_COMMON_BLOCKS = YES;
				GCC_WARN_64_TO_32_BIT_CONVERSION = YES;
				GCC_WARN_ABOUT_RETURN_TYPE = YES_ERROR;
				GCC_WARN_UNDECLARED_SELECTOR = YES;
				GCC_WARN_UNINITIALIZED_AUTOS = YES_AGGRESSIVE;
				GCC_WARN_UNUSED_FUNCTION = YES;
				GCC_WARN_UNUSED_VARIABLE = YES;
				IPHONEOS_DEPLOYMENT_TARGET = 17.0;
				LOCALIZATION_PREFERS_STRING_CATALOGS = YES;
				MTL_ENABLE_DEBUG_INFO = NO;
				MTL_FAST_MATH = YES;
				SDKROOT = iphoneos;
				SWIFT_COMPILATION_MODE = wholemodule;
				VALIDATE_PRODUCT = YES;
			};
			name = Release;
		};
		7B81ACE62A39FF4C0092C78B /* Debug */ = {
			isa = XCBuildConfiguration;
			buildSettings = {
				ASSETCATALOG_COMPILER_APPICON_NAME = AppIcon;
				ASSETCATALOG_COMPILER_GLOBAL_ACCENT_COLOR_NAME = AccentColor;
				CODE_SIGN_IDENTITY = "Apple Development";
				CODE_SIGN_STYLE = Automatic;
				CURRENT_PROJECT_VERSION = 1;
				DEVELOPMENT_TEAM = T73K8XHDL7;
				GENERATE_INFOPLIST_FILE = YES;
				INFOPLIST_FILE = BerryBucket/Info.plist;
				INFOPLIST_KEY_UIApplicationSupportsIndirectInputEvents = YES;
				INFOPLIST_KEY_UILaunchStoryboardName = LaunchScreen;
				INFOPLIST_KEY_UIMainStoryboardFile = Main;
				INFOPLIST_KEY_UISupportedInterfaceOrientations_iPad = "UIInterfaceOrientationPortrait UIInterfaceOrientationPortraitUpsideDown UIInterfaceOrientationLandscapeLeft UIInterfaceOrientationLandscapeRight";
				INFOPLIST_KEY_UISupportedInterfaceOrientations_iPhone = "UIInterfaceOrientationPortrait UIInterfaceOrientationLandscapeLeft UIInterfaceOrientationLandscapeRight";
				INFOPLIST_KEY_UIUserInterfaceStyle = Light;
				IPHONEOS_DEPLOYMENT_TARGET = 17.0;
				LD_RUNPATH_SEARCH_PATHS = (
					"$(inherited)",
					"@executable_path/Frameworks",
				);
				MARKETING_VERSION = 1.0;
				PRODUCT_BUNDLE_IDENTIFIER = com.noweat.BerryBucket;
				PRODUCT_NAME = "$(TARGET_NAME)";
				PROVISIONING_PROFILE_SPECIFIER = "";
				SWIFT_EMIT_LOC_STRINGS = YES;
				SWIFT_VERSION = 5.0;
				TARGETED_DEVICE_FAMILY = "1,2";
			};
			name = Debug;
		};
		7B81ACE72A39FF4C0092C78B /* Release */ = {
			isa = XCBuildConfiguration;
			buildSettings = {
				ASSETCATALOG_COMPILER_APPICON_NAME = AppIcon;
				ASSETCATALOG_COMPILER_GLOBAL_ACCENT_COLOR_NAME = AccentColor;
				CODE_SIGN_IDENTITY = "Apple Development";
				CODE_SIGN_STYLE = Automatic;
				CURRENT_PROJECT_VERSION = 1;
				DEVELOPMENT_TEAM = T73K8XHDL7;
				GENERATE_INFOPLIST_FILE = YES;
				INFOPLIST_FILE = BerryBucket/Info.plist;
				INFOPLIST_KEY_UIApplicationSupportsIndirectInputEvents = YES;
				INFOPLIST_KEY_UILaunchStoryboardName = LaunchScreen;
				INFOPLIST_KEY_UIMainStoryboardFile = Main;
				INFOPLIST_KEY_UISupportedInterfaceOrientations_iPad = "UIInterfaceOrientationPortrait UIInterfaceOrientationPortraitUpsideDown UIInterfaceOrientationLandscapeLeft UIInterfaceOrientationLandscapeRight";
				INFOPLIST_KEY_UISupportedInterfaceOrientations_iPhone = "UIInterfaceOrientationPortrait UIInterfaceOrientationLandscapeLeft UIInterfaceOrientationLandscapeRight";
				INFOPLIST_KEY_UIUserInterfaceStyle = Light;
				IPHONEOS_DEPLOYMENT_TARGET = 17.0;
				LD_RUNPATH_SEARCH_PATHS = (
					"$(inherited)",
					"@executable_path/Frameworks",
				);
				MARKETING_VERSION = 1.0;
				PRODUCT_BUNDLE_IDENTIFIER = com.noweat.BerryBucket;
				PRODUCT_NAME = "$(TARGET_NAME)";
				PROVISIONING_PROFILE_SPECIFIER = "";
				SWIFT_EMIT_LOC_STRINGS = YES;
				SWIFT_VERSION = 5.0;
				TARGETED_DEVICE_FAMILY = "1,2";
			};
			name = Release;
		};
/* End XCBuildConfiguration section */

/* Begin XCConfigurationList section */
		7B81ACCC2A39FF4A0092C78B /* Build configuration list for PBXProject "BerryBucket" */ = {
			isa = XCConfigurationList;
			buildConfigurations = (
				7B81ACE32A39FF4C0092C78B /* Debug */,
				7B81ACE42A39FF4C0092C78B /* Release */,
			);
			defaultConfigurationIsVisible = 0;
			defaultConfigurationName = Release;
		};
		7B81ACE52A39FF4C0092C78B /* Build configuration list for PBXNativeTarget "BerryBucket" */ = {
			isa = XCConfigurationList;
			buildConfigurations = (
				7B81ACE62A39FF4C0092C78B /* Debug */,
				7B81ACE72A39FF4C0092C78B /* Release */,
			);
			defaultConfigurationIsVisible = 0;
			defaultConfigurationName = Release;
		};
/* End XCConfigurationList section */
	};
	rootObject = 7B81ACC92A39FF4A0092C78B /* Project object */;
}
